
Microsoft Visual Studio Solution File, Format Version 12.00
# Visual Studio Version 17
VisualStudioVersion = 17.8.34511.84
MinimumVisualStudioVersion = 10.0.40219.1
Project("{9A19103F-16F7-4668-BE54-9A1E7A4F7556}") = "akron", "akron.csproj", "{ED8ADA80-FD8D-40E8-9126-BC3222C5EF8D}"
EndProject
Global
	GlobalSection(SolutionConfigurationPlatforms) = preSolution
		Debug|Any CPU = Debug|Any CPU
		Debug|x64 = Debug|x64
		Debug|x86 = Debug|x86
		Release|Any CPU = Release|Any CPU
		Release|x64 = Release|x64
		Release|x86 = Release|x86
	EndGlobalSection
	GlobalSection(ProjectConfigurationPlatforms) = postSolution
		{ED8ADA80-FD8D-40E8-9126-BC3222C5EF8D}.Debug|Any CPU.ActiveCfg = Release|Any CPU
		{ED8ADA80-FD8D-40E8-9126-BC3222C5EF8D}.Debug|Any CPU.Build.0 = Release|Any CPU
		{ED8ADA80-FD8D-40E8-9126-BC3222C5EF8D}.Debug|x64.ActiveCfg = Debug|Any CPU
		{ED8ADA80-FD8D-40E8-9126-BC3222C5EF8D}.Debug|x64.Build.0 = Debug|Any CPU
		{ED8ADA80-FD8D-40E8-9126-BC3222C5EF8D}.Debug|x86.ActiveCfg = Debug|Any CPU
		{ED8ADA80-FD8D-40E8-9126-BC3222C5EF8D}.Debug|x86.Build.0 = Debug|Any CPU
		{ED8ADA80-FD8D-40E8-9126-BC3222C5EF8D}.Release|Any CPU.ActiveCfg = Release|Any CPU
		{ED8ADA80-FD8D-40E8-9126-BC3222C5EF8D}.Release|Any CPU.Build.0 = Release|Any CPU
		{ED8ADA80-FD8D-40E8-9126-BC3222C5EF8D}.Release|x64.ActiveCfg = Release|Any CPU
		{ED8ADA80-FD8D-40E8-9126-BC3222C5EF8D}.Release|x64.Build.0 = Release|Any CPU
		{ED8ADA80-FD8D-40E8-9126-BC3222C5EF8D}.Release|x86.ActiveCfg = Release|Any CPU
		{ED8ADA80-FD8D-40E8-9126-BC3222C5EF8D}.Release|x86.Build.0 = Release|Any CPU
		{F718E325-AAD8-4295-B3D7-B8701F2E8407}.Debug|Any CPU.ActiveCfg = Debug|Any CPU
		{F718E325-AAD8-4295-B3D7-B8701F2E8407}.Debug|Any CPU.Build.0 = Debug|Any CPU
		{F718E325-AAD8-4295-B3D7-B8701F2E8407}.Debug|x64.ActiveCfg = Debug|Any CPU
		{F718E325-AAD8-4295-B3D7-B8701F2E8407}.Debug|x64.Build.0 = Debug|Any CPU
		{F718E325-AAD8-4295-B3D7-B8701F2E8407}.Debug|x86.ActiveCfg = Debug|Any CPU
		{F718E325-AAD8-4295-B3D7-B8701F2E8407}.Debug|x86.Build.0 = Debug|Any CPU
		{F718E325-AAD8-4295-B3D7-B8701F2E8407}.Release|Any CPU.ActiveCfg = Release|Any CPU
		{F718E325-AAD8-4295-B3D7-B8701F2E8407}.Release|Any CPU.Build.0 = Release|Any CPU
		{F718E325-AAD8-4295-B3D7-B8701F2E8407}.Release|x64.ActiveCfg = Release|Any CPU
		{F718E325-AAD8-4295-B3D7-B8701F2E8407}.Release|x64.Build.0 = Release|Any CPU
		{F718E325-AAD8-4295-B3D7-B8701F2E8407}.Release|x86.ActiveCfg = Release|Any CPU
		{F718E325-AAD8-4295-B3D7-B8701F2E8407}.Release|x86.Build.0 = Release|Any CPU
	EndGlobalSection
	GlobalSection(SolutionProperties) = preSolution
		HideSolutionNode = FALSE
	EndGlobalSection
	GlobalSection(ExtensibilityGlobals) = postSolution
		SolutionGuid = {A5758C8D-908B-4C2A-B3BA-8869F5F742F7}
	EndGlobalSection
EndGlobal
